PODS:
  - Alamofire (4.5.1)
  - CocoaLumberjack/Default (3.3.0)
  - CocoaLumberjack/Swift (3.3.0):
    - CocoaLumberjack/Default
  - CryptoSwift (0.8.0)
  - FSPagerView (0.7.1)
  - HandyJSON (4.0.0-beta.1)
  - Kingfisher (4.1.1)
  - MJRefresh (3.1.14)
  - ReachabilitySwift (4.1.0)
  - SVProgressHUD (2.1.2)
  - Toast-Swift (2.0.0)
  - UITableView+FDTemplateLayoutCell (1.6)

DEPENDENCIES:
  - Alamofire (~> 4.5.1)
  - CocoaLumberjack/Swift (~> 3.3.0)
  - CryptoSwift (~> 0.8.0)
  - FSPagerView (~> 0.7.1)
  - HandyJSON (~> 4.0.0-beta.1)
  - Kingfisher (~> 4.1.1)
  - MJRefresh (~> 3.1.14)
  - ReachabilitySwift (~> 4.1.0)
  - SVProgressHUD
  - Toast-Swift
  - UITableView+FDTemplateLayoutCell (~> 1.6)

SPEC CHECKSUMS:
  Alamofire: 2d95912bf4c34f164fdfc335872e8c312acaea4a
  CocoaLumberjack: 3c8c74683302f9012bb168e1c4b7ae3c0b558431
  CryptoSwift: f81907430ebbe38b8404b4f6fb40f3c576a8755f
  FSPagerView: 958aba39684e1573755ddcfcc29f7eebb8413cee
  HandyJSON: 428bb18e2c34c2a77361accebf90cf64e4f74118
  Kingfisher: 6793a473357b5dbee42b0068ef203fe8325f259e
  MJRefresh: 6642e35b3227a5447b9fd5e17c552c90196c9859
  ReachabilitySwift: 6849231cd4e06559f3b9ef4a97a0a0f96d41e09f
  SVProgressHUD: c404a55d78acbeb7ebb78b76d3faf986475a6994
  Toast-Swift: 5b2f8f720f7e78e48511f693df1f9c9a6e38a25a
  UITableView+FDTemplateLayoutCell: 5c949b4a5059c404b442926c0e80f81d10a2d66f

PODFILE CHECKSUM: 117a1341a620179cb660a4ecc762f322b2f9373f

COCOAPODS: 1.2.0
